
Microsoft Visual Studio Solution File, Format Version 12.00
# Visual Studio Version 17
VisualStudioVersion = 17.5.33516.290
MinimumVisualStudioVersion = 10.0.40219.1
Project("{FAE04EC0-301F-11D3-BF4B-00C04F79EFBC}") = "4-2-2", "4-2-2\4-2-2.csproj", "{7A0617E8-6349-4F13-A6BB-9AD6F0C8181C}"
EndProject
Global
	GlobalSection(SolutionConfigurationPlatforms) = preSolution
		Debug|Any CPU = Debug|Any CPU
		Release|Any CPU = Release|Any CPU
	EndGlobalSection
	GlobalSection(ProjectConfigurationPlatforms) = postSolution
		{7A0617E8-6349-4F13-A6BB-9AD6F0C8181C}.Debug|Any CPU.ActiveCfg = Debug|Any CPU
		{7A0617E8-6349-4F13-A6BB-9AD6F0C8181C}.Debug|Any CPU.Build.0 = Debug|Any CPU
		{7A0617E8-6349-4F13-A6BB-9AD6F0C8181C}.Release|Any CPU.ActiveCfg = Release|Any CPU
		{7A0617E8-6349-4F13-A6BB-9AD6F0C8181C}.Release|Any CPU.Build.0 = Release|Any CPU
	EndGlobalSection
	GlobalSection(SolutionProperties) = preSolution
		HideSolutionNode = FALSE
	EndGlobalSection
	GlobalSection(ExtensibilityGlobals) = postSolution
		SolutionGuid = {3985644A-0180-4B96-A8D2-32421A5673FD}
	EndGlobalSection
EndGlobal
